
Microsoft Visual Studio Solution File, Format Version 12.00
# Visual Studio Version 16
VisualStudioVersion = 16.6.30114.105
MinimumVisualStudioVersion = 10.0.40219.1
Project("{FAE04EC0-301F-11D3-BF4B-00C04F79EFBC}") = "ReverseIntegerConsoleApp", "ReverseIntegerConsoleApp\ReverseIntegerConsoleApp.csproj", "{5313E3B5-AE57-4868-BCC9-D7F313178465}"
EndProject
Project("{FAE04EC0-301F-11D3-BF4B-00C04F79EFBC}") = "ReverseIntegerTests", "ReverseIntegerTests\ReverseIntegerTests.csproj", "{E4D787C9-76E8-4640-9976-54FA360045B9}"
EndProject
Global
	GlobalSection(SolutionConfigurationPlatforms) = preSolution
		Debug|Any CPU = Debug|Any CPU
		Debug|x64 = Debug|x64
		Debug|x86 = Debug|x86
		Release|Any CPU = Release|Any CPU
		Release|x64 = Release|x64
		Release|x86 = Release|x86
	EndGlobalSection
	GlobalSection(SolutionProperties) = preSolution
		HideSolutionNode = FALSE
	EndGlobalSection
	GlobalSection(ProjectConfigurationPlatforms) = postSolution
		{5313E3B5-AE57-4868-BCC9-D7F313178465}.Debug|Any CPU.ActiveCfg = Debug|Any CPU
		{5313E3B5-AE57-4868-BCC9-D7F313178465}.Debug|Any CPU.Build.0 = Debug|Any CPU
		{5313E3B5-AE57-4868-BCC9-D7F313178465}.Debug|x64.ActiveCfg = Debug|Any CPU
		{5313E3B5-AE57-4868-BCC9-D7F313178465}.Debug|x64.Build.0 = Debug|Any CPU
		{5313E3B5-AE57-4868-BCC9-D7F313178465}.Debug|x86.ActiveCfg = Debug|Any CPU
		{5313E3B5-AE57-4868-BCC9-D7F313178465}.Debug|x86.Build.0 = Debug|Any CPU
		{5313E3B5-AE57-4868-BCC9-D7F313178465}.Release|Any CPU.ActiveCfg = Release|Any CPU
		{5313E3B5-AE57-4868-BCC9-D7F313178465}.Release|Any CPU.Build.0 = Release|Any CPU
		{5313E3B5-AE57-4868-BCC9-D7F313178465}.Release|x64.ActiveCfg = Release|Any CPU
		{5313E3B5-AE57-4868-BCC9-D7F313178465}.Release|x64.Build.0 = Release|Any CPU
		{5313E3B5-AE57-4868-BCC9-D7F313178465}.Release|x86.ActiveCfg = Release|Any CPU
		{5313E3B5-AE57-4868-BCC9-D7F313178465}.Release|x86.Build.0 = Release|Any CPU
		{E4D787C9-76E8-4640-9976-54FA360045B9}.Debug|Any CPU.ActiveCfg = Debug|Any CPU
		{E4D787C9-76E8-4640-9976-54FA360045B9}.Debug|Any CPU.Build.0 = Debug|Any CPU
		{E4D787C9-76E8-4640-9976-54FA360045B9}.Debug|x64.ActiveCfg = Debug|Any CPU
		{E4D787C9-76E8-4640-9976-54FA360045B9}.Debug|x64.Build.0 = Debug|Any CPU
		{E4D787C9-76E8-4640-9976-54FA360045B9}.Debug|x86.ActiveCfg = Debug|Any CPU
		{E4D787C9-76E8-4640-9976-54FA360045B9}.Debug|x86.Build.0 = Debug|Any CPU
		{E4D787C9-76E8-4640-9976-54FA360045B9}.Release|Any CPU.ActiveCfg = Release|Any CPU
		{E4D787C9-76E8-4640-9976-54FA360045B9}.Release|Any CPU.Build.0 = Release|Any CPU
		{E4D787C9-76E8-4640-9976-54FA360045B9}.Release|x64.ActiveCfg = Release|Any CPU
		{E4D787C9-76E8-4640-9976-54FA360045B9}.Release|x64.Build.0 = Release|Any CPU
		{E4D787C9-76E8-4640-9976-54FA360045B9}.Release|x86.ActiveCfg = Release|Any CPU
		{E4D787C9-76E8-4640-9976-54FA360045B9}.Release|x86.Build.0 = Release|Any CPU
	EndGlobalSection
EndGlobal
